
Microsoft Visual Studio Solution File, Format Version 12.00
# Visual Studio Version 17
VisualStudioVersion = 17.7.34024.191
MinimumVisualStudioVersion = 10.0.40219.1
Project("{8BC9CEB8-8B4A-11D0-8D11-00A0C91BC942}") = "Lecture06-HW", "Lecture06-HW\Lecture06-HW.vcxproj", "{AF074959-EE0F-40F3-9412-84E13E0CEA05}"
EndProject
Global
	GlobalSection(SolutionConfigurationPlatforms) = preSolution
		Debug|x64 = Debug|x64
		Debug|x86 = Debug|x86
		Release|x64 = Release|x64
		Release|x86 = Release|x86
	EndGlobalSection
	GlobalSection(ProjectConfigurationPlatforms) = postSolution
		{AF074959-EE0F-40F3-9412-84E13E0CEA05}.Debug|x64.ActiveCfg = Debug|x64
		{AF074959-EE0F-40F3-9412-84E13E0CEA05}.Debug|x64.Build.0 = Debug|x64
		{AF074959-EE0F-40F3-9412-84E13E0CEA05}.Debug|x86.ActiveCfg = Debug|Win32
		{AF074959-EE0F-40F3-9412-84E13E0CEA05}.Debug|x86.Build.0 = Debug|Win32
		{AF074959-EE0F-40F3-9412-84E13E0CEA05}.Release|x64.ActiveCfg = Release|x64
		{AF074959-EE0F-40F3-9412-84E13E0CEA05}.Release|x64.Build.0 = Release|x64
		{AF074959-EE0F-40F3-9412-84E13E0CEA05}.Release|x86.ActiveCfg = Release|Win32
		{AF074959-EE0F-40F3-9412-84E13E0CEA05}.Release|x86.Build.0 = Release|Win32
	EndGlobalSection
	GlobalSection(SolutionProperties) = preSolution
		HideSolutionNode = FALSE
	EndGlobalSection
	GlobalSection(ExtensibilityGlobals) = postSolution
		SolutionGuid = {51BCBACF-B115-4CEB-9180-ACB471854AA0}
	EndGlobalSection
EndGlobal
